
Microsoft Visual Studio Solution File, Format Version 12.00
# Visual Studio 15
VisualStudioVersion = 15.0.28010.2050
MinimumVisualStudioVersion = 10.0.40219.1
Project("{FAE04EC0-301F-11D3-BF4B-00C04F79EFBC}") = "Lesson5.1", "Lesson5.1\Lesson5.1.csproj", "{4A1E138F-6C55-46BD-8DEA-4ACD76674193}"
EndProject
Project("{FAE04EC0-301F-11D3-BF4B-00C04F79EFBC}") = "ThreadingConsole", "ThreadingConsole\ThreadingConsole.csproj", "{E0C7C4F8-93D4-4BB1-80F7-80965DDD52D4}"
EndProject
Project("{2150E333-8FDC-42A3-9474-1A3956D46DE8}") = "TPL", "TPL", "{2320B1F1-4CB6-4E37-BCE0-3B26C25FE51C}"
EndProject
Project("{FAE04EC0-301F-11D3-BF4B-00C04F79EFBC}") = "WebServerConsole", "WebServerConsole\WebServerConsole.csproj", "{E4559FDC-14EF-434B-A497-CCCAD64DE790}"
EndProject
Project("{FAE04EC0-301F-11D3-BF4B-00C04F79EFBC}") = "TPLConsoleTest", "TPLConsoleTese\TPLConsoleTest.csproj", "{445A2A67-5318-4C0A-9A4C-6D6BD59B12CB}"
EndProject
Project("{FAE04EC0-301F-11D3-BF4B-00C04F79EFBC}") = "HomeWork6", "HomeWork6\HomeWork6.csproj", "{6C48076E-1B50-4CCC-B12F-6E61E592F685}"
EndProject
Project("{FAE04EC0-301F-11D3-BF4B-00C04F79EFBC}") = "TPLWPF", "TPLWPF\TPLWPF.csproj", "{FE32B68D-4CAF-4952-8E4E-695D7834C208}"
EndProject
Global
	GlobalSection(SolutionConfigurationPlatforms) = preSolution
		Debug|Any CPU = Debug|Any CPU
		Release|Any CPU = Release|Any CPU
	EndGlobalSection
	GlobalSection(ProjectConfigurationPlatforms) = postSolution
		{4A1E138F-6C55-46BD-8DEA-4ACD76674193}.Debug|Any CPU.ActiveCfg = Debug|Any CPU
		{4A1E138F-6C55-46BD-8DEA-4ACD76674193}.Debug|Any CPU.Build.0 = Debug|Any CPU
		{4A1E138F-6C55-46BD-8DEA-4ACD76674193}.Release|Any CPU.ActiveCfg = Release|Any CPU
		{4A1E138F-6C55-46BD-8DEA-4ACD76674193}.Release|Any CPU.Build.0 = Release|Any CPU
		{E0C7C4F8-93D4-4BB1-80F7-80965DDD52D4}.Debug|Any CPU.ActiveCfg = Debug|Any CPU
		{E0C7C4F8-93D4-4BB1-80F7-80965DDD52D4}.Debug|Any CPU.Build.0 = Debug|Any CPU
		{E0C7C4F8-93D4-4BB1-80F7-80965DDD52D4}.Release|Any CPU.ActiveCfg = Release|Any CPU
		{E0C7C4F8-93D4-4BB1-80F7-80965DDD52D4}.Release|Any CPU.Build.0 = Release|Any CPU
		{E4559FDC-14EF-434B-A497-CCCAD64DE790}.Debug|Any CPU.ActiveCfg = Debug|Any CPU
		{E4559FDC-14EF-434B-A497-CCCAD64DE790}.Debug|Any CPU.Build.0 = Debug|Any CPU
		{E4559FDC-14EF-434B-A497-CCCAD64DE790}.Release|Any CPU.ActiveCfg = Release|Any CPU
		{E4559FDC-14EF-434B-A497-CCCAD64DE790}.Release|Any CPU.Build.0 = Release|Any CPU
		{445A2A67-5318-4C0A-9A4C-6D6BD59B12CB}.Debug|Any CPU.ActiveCfg = Debug|Any CPU
		{445A2A67-5318-4C0A-9A4C-6D6BD59B12CB}.Debug|Any CPU.Build.0 = Debug|Any CPU
		{445A2A67-5318-4C0A-9A4C-6D6BD59B12CB}.Release|Any CPU.ActiveCfg = Release|Any CPU
		{445A2A67-5318-4C0A-9A4C-6D6BD59B12CB}.Release|Any CPU.Build.0 = Release|Any CPU
		{6C48076E-1B50-4CCC-B12F-6E61E592F685}.Debug|Any CPU.ActiveCfg = Debug|Any CPU
		{6C48076E-1B50-4CCC-B12F-6E61E592F685}.Debug|Any CPU.Build.0 = Debug|Any CPU
		{6C48076E-1B50-4CCC-B12F-6E61E592F685}.Release|Any CPU.ActiveCfg = Release|Any CPU
		{6C48076E-1B50-4CCC-B12F-6E61E592F685}.Release|Any CPU.Build.0 = Release|Any CPU
		{FE32B68D-4CAF-4952-8E4E-695D7834C208}.Debug|Any CPU.ActiveCfg = Debug|Any CPU
		{FE32B68D-4CAF-4952-8E4E-695D7834C208}.Debug|Any CPU.Build.0 = Debug|Any CPU
		{FE32B68D-4CAF-4952-8E4E-695D7834C208}.Release|Any CPU.ActiveCfg = Release|Any CPU
		{FE32B68D-4CAF-4952-8E4E-695D7834C208}.Release|Any CPU.Build.0 = Release|Any CPU
	EndGlobalSection
	GlobalSection(SolutionProperties) = preSolution
		HideSolutionNode = FALSE
	EndGlobalSection
	GlobalSection(NestedProjects) = preSolution
		{E4559FDC-14EF-434B-A497-CCCAD64DE790} = {2320B1F1-4CB6-4E37-BCE0-3B26C25FE51C}
		{445A2A67-5318-4C0A-9A4C-6D6BD59B12CB} = {2320B1F1-4CB6-4E37-BCE0-3B26C25FE51C}
		{6C48076E-1B50-4CCC-B12F-6E61E592F685} = {2320B1F1-4CB6-4E37-BCE0-3B26C25FE51C}
		{FE32B68D-4CAF-4952-8E4E-695D7834C208} = {2320B1F1-4CB6-4E37-BCE0-3B26C25FE51C}
	EndGlobalSection
	GlobalSection(ExtensibilityGlobals) = postSolution
		SolutionGuid = {71586E1B-B217-4CC7-AF0E-8F42B90EBB1A}
	EndGlobalSection
EndGlobal
